
Microsoft Visual Studio Solution File, Format Version 12.00
# Visual Studio Version 17
VisualStudioVersion = 17.0.31903.59
MinimumVisualStudioVersion = 10.0.40219.1
Project("{2150E333-8FDC-42A3-9474-1A3956D46DE8}") = "Protocols", "Protocols", "{02EA681E-C7D8-13C7-8484-4AC65E1B71E8}"
EndProject
Project("{2150E333-8FDC-42A3-9474-1A3956D46DE8}") = "Core", "Core", "{8A6F5A4E-5F4E-4413-9442-ACD2AD8CF656}"
EndProject
Project("{FAE04EC0-301F-11D3-BF4B-00C04F79EFBC}") = "Faroca.CashSystem.Manager.Core", "src\Faroca.CashSystem.Manager.Core\Faroca.CashSystem.Manager.Core.csproj", "{C733BF62-F6FE-43E1-A4CE-2AD7E5272C9F}"
EndProject
Global
	GlobalSection(SolutionConfigurationPlatforms) = preSolution
		Debug|Any CPU = Debug|Any CPU
		Release|Any CPU = Release|Any CPU
	EndGlobalSection
	GlobalSection(ProjectConfigurationPlatforms) = postSolution
		{C733BF62-F6FE-43E1-A4CE-2AD7E5272C9F}.Debug|Any CPU.ActiveCfg = Debug|Any CPU
		{C733BF62-F6FE-43E1-A4CE-2AD7E5272C9F}.Debug|Any CPU.Build.0 = Debug|Any CPU
		{C733BF62-F6FE-43E1-A4CE-2AD7E5272C9F}.Release|Any CPU.ActiveCfg = Release|Any CPU
		{C733BF62-F6FE-43E1-A4CE-2AD7E5272C9F}.Release|Any CPU.Build.0 = Release|Any CPU
	EndGlobalSection
	GlobalSection(SolutionProperties) = preSolution
		HideSolutionNode = FALSE
	EndGlobalSection
	GlobalSection(NestedProjects) = preSolution
		{C733BF62-F6FE-43E1-A4CE-2AD7E5272C9F} = {8A6F5A4E-5F4E-4413-9442-ACD2AD8CF656}
	EndGlobalSection
	GlobalSection(ExtensibilityGlobals) = postSolution
		SolutionGuid = {3E0EEE76-95E5-49BF-B4D1-A91E50CD41AD}
	EndGlobalSection
EndGlobal
